PODS:
  - Bolts (1.1.2)
  - JSQSystemSoundPlayer (1.5.1)
  - OCMock (2.2.4)
  - Parse (1.4.1):
    - Bolts (~> 1.1.2)

DEPENDENCIES:
  - JSQSystemSoundPlayer
  - OCMock
  - Parse

SPEC CHECKSUMS:
  Bolts: 2635e8698a630774689441047f3465d78c48d485
  JSQSystemSoundPlayer: a662f27f4ebac9f867116fc6c3926c19206c5e60
  OCMock: 6db79185520e24f9f299548f2b8b07e41d881bd5
  Parse: db1a09c832b7509edcc88a65dc07229f5e578c73

COCOAPODS: 0.33.1
